
Microsoft Visual Studio Solution File, Format Version 12.00
# Visual Studio Version 16
VisualStudioVersion = 16.0.30621.155
MinimumVisualStudioVersion = 10.0.40219.1
Project("{FAE04EC0-301F-11D3-BF4B-00C04F79EFBC}") = "NewProj", "NewProj.csproj", "{1DFCD5AF-B026-4A82-A937-A267128B2420}"
EndProject
Global
	GlobalSection(SolutionConfigurationPlatforms) = preSolution
		Debug|Any CPU = Debug|Any CPU
		Release|Any CPU = Release|Any CPU
	EndGlobalSection
	GlobalSection(ProjectConfigurationPlatforms) = postSolution
		{1DFCD5AF-B026-4A82-A937-A267128B2420}.Debug|Any CPU.ActiveCfg = Debug|Any CPU
		{1DFCD5AF-B026-4A82-A937-A267128B2420}.Debug|Any CPU.Build.0 = Debug|Any CPU
		{1DFCD5AF-B026-4A82-A937-A267128B2420}.Release|Any CPU.ActiveCfg = Release|Any CPU
		{1DFCD5AF-B026-4A82-A937-A267128B2420}.Release|Any CPU.Build.0 = Release|Any CPU
	EndGlobalSection
	GlobalSection(SolutionProperties) = preSolution
		HideSolutionNode = FALSE
	EndGlobalSection
	GlobalSection(ExtensibilityGlobals) = postSolution
		SolutionGuid = {9B204FA5-6AC7-4811-AC31-BE51F4F53ED5}
	EndGlobalSection
EndGlobal
